
Microsoft Visual Studio Solution File, Format Version 11.00
# Visual Studio 2010
Project("{FAE04EC0-301F-11D3-BF4B-00C04F79EFBC}") = "Assembly-CSharp", "Assembly-CSharp.csproj", "{C6CF86D3-68B7-7B13-3752-0DA592D16FC4}"
EndProject
Project("{FAE04EC0-301F-11D3-BF4B-00C04F79EFBC}") = "Assembly-CSharp-Editor", "Assembly-CSharp-Editor.csproj", "{CE8969C6-1DFF-18AA-E55F-47D01F56D061}"
EndProject
Global
	GlobalSection(SolutionConfigurationPlatforms) = preSolution
		Debug|Any CPU = Debug|Any CPU
		Release|Any CPU = Release|Any CPU
	EndGlobalSection
	GlobalSection(ProjectConfigurationPlatforms) = postSolution
		{C6CF86D3-68B7-7B13-3752-0DA592D16FC4}.Debug|Any CPU.ActiveCfg = Debug|Any CPU
		{C6CF86D3-68B7-7B13-3752-0DA592D16FC4}.Debug|Any CPU.Build.0 = Debug|Any CPU
		{C6CF86D3-68B7-7B13-3752-0DA592D16FC4}.Release|Any CPU.ActiveCfg = Release|Any CPU
		{C6CF86D3-68B7-7B13-3752-0DA592D16FC4}.Release|Any CPU.Build.0 = Release|Any CPU
		{CE8969C6-1DFF-18AA-E55F-47D01F56D061}.Debug|Any CPU.ActiveCfg = Debug|Any CPU
		{CE8969C6-1DFF-18AA-E55F-47D01F56D061}.Debug|Any CPU.Build.0 = Debug|Any CPU
		{CE8969C6-1DFF-18AA-E55F-47D01F56D061}.Release|Any CPU.ActiveCfg = Release|Any CPU
		{CE8969C6-1DFF-18AA-E55F-47D01F56D061}.Release|Any CPU.Build.0 = Release|Any CPU
	EndGlobalSection
	GlobalSection(SolutionProperties) = preSolution
		HideSolutionNode = FALSE
	EndGlobalSection
	GlobalSection(MonoDevelopProperties) = preSolution
		StartupItem = Assembly-CSharp.csproj
	EndGlobalSection
EndGlobal
